
Microsoft Visual Studio Solution File, Format Version 12.00
# Visual Studio Version 17
VisualStudioVersion = 17.4.33110.190
MinimumVisualStudioVersion = 10.0.40219.1
Project("{FAE04EC0-301F-11D3-BF4B-00C04F79EFBC}") = "NASA Image Report", "NASA Image Report\NASA Image Report.csproj", "{0FD2A611-B63E-4A9A-ABAE-3612F53A5753}"
EndProject
Global
	GlobalSection(SolutionConfigurationPlatforms) = preSolution
		Debug|Any CPU = Debug|Any CPU
		Release|Any CPU = Release|Any CPU
	EndGlobalSection
	GlobalSection(ProjectConfigurationPlatforms) = postSolution
		{0FD2A611-B63E-4A9A-ABAE-3612F53A5753}.Debug|Any CPU.ActiveCfg = Debug|Any CPU
		{0FD2A611-B63E-4A9A-ABAE-3612F53A5753}.Debug|Any CPU.Build.0 = Debug|Any CPU
		{0FD2A611-B63E-4A9A-ABAE-3612F53A5753}.Release|Any CPU.ActiveCfg = Release|Any CPU
		{0FD2A611-B63E-4A9A-ABAE-3612F53A5753}.Release|Any CPU.Build.0 = Release|Any CPU
	EndGlobalSection
	GlobalSection(SolutionProperties) = preSolution
		HideSolutionNode = FALSE
	EndGlobalSection
	GlobalSection(ExtensibilityGlobals) = postSolution
		SolutionGuid = {34DA53B2-A222-44FF-9045-E5E426396DC1}
	EndGlobalSection
EndGlobal
