
Microsoft Visual Studio Solution File, Format Version 12.00
# Visual Studio Version 17
VisualStudioVersion = 17.4.33110.190
MinimumVisualStudioVersion = 10.0.40219.1
Project("{9A19103F-16F7-4668-BE54-9A1E7A4F7556}") = "Minecraft Server Sync", "Minecraft Server Sync\Minecraft Server Sync.csproj", "{07E29D8F-FFEA-4E63-B590-9313DC950EAB}"
EndProject
Project("{54435603-DBB4-11D2-8724-00A0C9A8B90C}") = "Installer", "Installer\Installer.vdproj", "{7020E025-F1D2-4603-9256-5D784E017CA8}"
EndProject
Global
	GlobalSection(SolutionConfigurationPlatforms) = preSolution
		Debug|Any CPU = Debug|Any CPU
		Release|Any CPU = Release|Any CPU
	EndGlobalSection
	GlobalSection(ProjectConfigurationPlatforms) = postSolution
		{07E29D8F-FFEA-4E63-B590-9313DC950EAB}.Debug|Any CPU.ActiveCfg = Debug|Any CPU
		{07E29D8F-FFEA-4E63-B590-9313DC950EAB}.Debug|Any CPU.Build.0 = Debug|Any CPU
		{07E29D8F-FFEA-4E63-B590-9313DC950EAB}.Release|Any CPU.ActiveCfg = Release|Any CPU
		{07E29D8F-FFEA-4E63-B590-9313DC950EAB}.Release|Any CPU.Build.0 = Release|Any CPU
		{7020E025-F1D2-4603-9256-5D784E017CA8}.Debug|Any CPU.ActiveCfg = Debug
		{7020E025-F1D2-4603-9256-5D784E017CA8}.Release|Any CPU.ActiveCfg = Release
	EndGlobalSection
	GlobalSection(SolutionProperties) = preSolution
		HideSolutionNode = FALSE
	EndGlobalSection
	GlobalSection(ExtensibilityGlobals) = postSolution
		SolutionGuid = {7C74A298-5FB7-47A7-BCCE-38C70F4D3865}
	EndGlobalSection
EndGlobal
